
Microsoft Visual Studio Solution File, Format Version 12.00
# Visual Studio Version 16
VisualStudioVersion = 16.0.31515.178
MinimumVisualStudioVersion = 10.0.40219.1
Project("{FAE04EC0-301F-11D3-BF4B-00C04F79EFBC}") = "challengexpanditApi", "challengexpanditApi\challengexpanditApi.csproj", "{6A2C7CCC-D53B-451C-BC1C-83B4FA68CDD2}"
EndProject
Project("{FAE04EC0-301F-11D3-BF4B-00C04F79EFBC}") = "SharedModels", "SharedModels\SharedModels.csproj", "{8F76B0C6-C5F9-4BB6-B515-1F618B9B718D}"
EndProject
Project("{FAE04EC0-301F-11D3-BF4B-00C04F79EFBC}") = "xpanditchallengeV2", "xpanditchallengeV2\xpanditchallengeV2.csproj", "{E6C80DA5-FB9F-4210-B9A7-927DE686116B}"
EndProject
Global
	GlobalSection(SolutionConfigurationPlatforms) = preSolution
		Debug|Any CPU = Debug|Any CPU
		Release|Any CPU = Release|Any CPU
	EndGlobalSection
	GlobalSection(ProjectConfigurationPlatforms) = postSolution
		{6A2C7CCC-D53B-451C-BC1C-83B4FA68CDD2}.Debug|Any CPU.ActiveCfg = Debug|Any CPU
		{6A2C7CCC-D53B-451C-BC1C-83B4FA68CDD2}.Debug|Any CPU.Build.0 = Debug|Any CPU
		{6A2C7CCC-D53B-451C-BC1C-83B4FA68CDD2}.Release|Any CPU.ActiveCfg = Release|Any CPU
		{6A2C7CCC-D53B-451C-BC1C-83B4FA68CDD2}.Release|Any CPU.Build.0 = Release|Any CPU
		{8F76B0C6-C5F9-4BB6-B515-1F618B9B718D}.Debug|Any CPU.ActiveCfg = Debug|Any CPU
		{8F76B0C6-C5F9-4BB6-B515-1F618B9B718D}.Debug|Any CPU.Build.0 = Debug|Any CPU
		{8F76B0C6-C5F9-4BB6-B515-1F618B9B718D}.Release|Any CPU.ActiveCfg = Release|Any CPU
		{8F76B0C6-C5F9-4BB6-B515-1F618B9B718D}.Release|Any CPU.Build.0 = Release|Any CPU
		{E6C80DA5-FB9F-4210-B9A7-927DE686116B}.Debug|Any CPU.ActiveCfg = Debug|Any CPU
		{E6C80DA5-FB9F-4210-B9A7-927DE686116B}.Debug|Any CPU.Build.0 = Debug|Any CPU
		{E6C80DA5-FB9F-4210-B9A7-927DE686116B}.Release|Any CPU.ActiveCfg = Release|Any CPU
		{E6C80DA5-FB9F-4210-B9A7-927DE686116B}.Release|Any CPU.Build.0 = Release|Any CPU
	EndGlobalSection
	GlobalSection(SolutionProperties) = preSolution
		HideSolutionNode = FALSE
	EndGlobalSection
	GlobalSection(ExtensibilityGlobals) = postSolution
		SolutionGuid = {8074A44C-B43A-4C75-8C7F-1E91F3CB0623}
	EndGlobalSection
EndGlobal
